
Microsoft Visual Studio Solution File, Format Version 12.00
# Visual Studio Version 17
VisualStudioVersion = 17.8.34322.80
MinimumVisualStudioVersion = 10.0.40219.1
Project("{FAE04EC0-301F-11D3-BF4B-00C04F79EFBC}") = "Course", "Course\Course.csproj", "{9B1F71BE-7961-4E13-B6C0-1FE3FA846440}"
EndProject
Global
	GlobalSection(SolutionConfigurationPlatforms) = preSolution
		Debug|Any CPU = Debug|Any CPU
		Release|Any CPU = Release|Any CPU
	EndGlobalSection
	GlobalSection(ProjectConfigurationPlatforms) = postSolution
		{9B1F71BE-7961-4E13-B6C0-1FE3FA846440}.Debug|Any CPU.ActiveCfg = Debug|Any CPU
		{9B1F71BE-7961-4E13-B6C0-1FE3FA846440}.Debug|Any CPU.Build.0 = Debug|Any CPU
		{9B1F71BE-7961-4E13-B6C0-1FE3FA846440}.Release|Any CPU.ActiveCfg = Release|Any CPU
		{9B1F71BE-7961-4E13-B6C0-1FE3FA846440}.Release|Any CPU.Build.0 = Release|Any CPU
	EndGlobalSection
	GlobalSection(SolutionProperties) = preSolution
		HideSolutionNode = FALSE
	EndGlobalSection
	GlobalSection(ExtensibilityGlobals) = postSolution
		SolutionGuid = {5EF280BD-DAA6-4E5C-8F48-7BEF5B8BB754}
	EndGlobalSection
EndGlobal
